
Microsoft Visual Studio Solution File, Format Version 12.00
# Visual Studio Version 17
VisualStudioVersion = 17.2.32505.173
MinimumVisualStudioVersion = 10.0.40219.1
Project("{9A19103F-16F7-4668-BE54-9A1E7A4F7556}") = "ElectronicDepartment.DomainEntities", "kursova\ElectronicDepartment.DomainEntities.csproj", "{678A2F9E-06AD-4DF1-8046-6840408DB868}"
EndProject
Project("{9A19103F-16F7-4668-BE54-9A1E7A4F7556}") = "ElectronicDepartment.DataAccess", "ElectronicDepartment.DataAccess\ElectronicDepartment.DataAccess.csproj", "{EEA2E715-1FFF-45C6-BFFE-0143D7F0C2BB}"
EndProject
Project("{9A19103F-16F7-4668-BE54-9A1E7A4F7556}") = "ElectronicDepartment.Web.Server", "ElectronicDepartment.Web\Server\ElectronicDepartment.Web.Server.csproj", "{31C44F4B-D09F-48B1-BE8C-430058260DF8}"
EndProject
Project("{9A19103F-16F7-4668-BE54-9A1E7A4F7556}") = "ElectronicDepartment.Web.Client", "ElectronicDepartment.Web\Client\ElectronicDepartment.Web.Client.csproj", "{33EDDCC0-7734-47B3-BB8A-EC0A01FDB94F}"
EndProject
Project("{9A19103F-16F7-4668-BE54-9A1E7A4F7556}") = "ElectronicDepartment.Common", "ElectronicDepartment.Common\ElectronicDepartment.Common.csproj", "{98BA0E59-A3EF-4706-A64A-8430F5899C38}"
EndProject
Project("{9A19103F-16F7-4668-BE54-9A1E7A4F7556}") = "ElectronicDepartment.BusinessLogic", "ElectronicDepartment.BusinessLogic\ElectronicDepartment.BusinessLogic.csproj", "{DAA1F127-14A8-44E0-99CF-34C10F6327F9}"
EndProject
Project("{9A19103F-16F7-4668-BE54-9A1E7A4F7556}") = "ElectronicDepartment.Web.Shared", "ElectronicDepartment.Web\Shared\ElectronicDepartment.Web.Shared.csproj", "{28335358-5312-4DC4-8D9F-BE500D8259A9}"
EndProject
Project("{9A19103F-16F7-4668-BE54-9A1E7A4F7556}") = "ElectronicDepartment.Interfaces", "ElectronicDepartment.Interfaces\ElectronicDepartment.Interfaces.csproj", "{C669E0EA-164C-4DCF-94CD-4589764692A9}"
EndProject
Project("{2150E333-8FDC-42A3-9474-1A3956D46DE8}") = "Testing", "Testing", "{EEC497D8-6A5A-441F-83D4-8900C5CF78BA}"
EndProject
Project("{FAE04EC0-301F-11D3-BF4B-00C04F79EFBC}") = "ElectronicDepartment", "ElectronicDepartment\ElectronicDepartment.csproj", "{770B6AA6-64A8-462C-806E-E586B13B3C2D}"
EndProject
Global
	GlobalSection(SolutionConfigurationPlatforms) = preSolution
		Debug|Any CPU = Debug|Any CPU
		Release|Any CPU = Release|Any CPU
	EndGlobalSection
	GlobalSection(ProjectConfigurationPlatforms) = postSolution
		{678A2F9E-06AD-4DF1-8046-6840408DB868}.Debug|Any CPU.ActiveCfg = Debug|Any CPU
		{678A2F9E-06AD-4DF1-8046-6840408DB868}.Debug|Any CPU.Build.0 = Debug|Any CPU
		{678A2F9E-06AD-4DF1-8046-6840408DB868}.Release|Any CPU.ActiveCfg = Release|Any CPU
		{678A2F9E-06AD-4DF1-8046-6840408DB868}.Release|Any CPU.Build.0 = Release|Any CPU
		{EEA2E715-1FFF-45C6-BFFE-0143D7F0C2BB}.Debug|Any CPU.ActiveCfg = Debug|Any CPU
		{EEA2E715-1FFF-45C6-BFFE-0143D7F0C2BB}.Debug|Any CPU.Build.0 = Debug|Any CPU
		{EEA2E715-1FFF-45C6-BFFE-0143D7F0C2BB}.Release|Any CPU.ActiveCfg = Release|Any CPU
		{EEA2E715-1FFF-45C6-BFFE-0143D7F0C2BB}.Release|Any CPU.Build.0 = Release|Any CPU
		{31C44F4B-D09F-48B1-BE8C-430058260DF8}.Debug|Any CPU.ActiveCfg = Debug|Any CPU
		{31C44F4B-D09F-48B1-BE8C-430058260DF8}.Debug|Any CPU.Build.0 = Debug|Any CPU
		{31C44F4B-D09F-48B1-BE8C-430058260DF8}.Release|Any CPU.ActiveCfg = Release|Any CPU
		{31C44F4B-D09F-48B1-BE8C-430058260DF8}.Release|Any CPU.Build.0 = Release|Any CPU
		{33EDDCC0-7734-47B3-BB8A-EC0A01FDB94F}.Debug|Any CPU.ActiveCfg = Debug|Any CPU
		{33EDDCC0-7734-47B3-BB8A-EC0A01FDB94F}.Debug|Any CPU.Build.0 = Debug|Any CPU
		{33EDDCC0-7734-47B3-BB8A-EC0A01FDB94F}.Release|Any CPU.ActiveCfg = Release|Any CPU
		{33EDDCC0-7734-47B3-BB8A-EC0A01FDB94F}.Release|Any CPU.Build.0 = Release|Any CPU
		{98BA0E59-A3EF-4706-A64A-8430F5899C38}.Debug|Any CPU.ActiveCfg = Debug|Any CPU
		{98BA0E59-A3EF-4706-A64A-8430F5899C38}.Debug|Any CPU.Build.0 = Debug|Any CPU
		{98BA0E59-A3EF-4706-A64A-8430F5899C38}.Release|Any CPU.ActiveCfg = Release|Any CPU
		{98BA0E59-A3EF-4706-A64A-8430F5899C38}.Release|Any CPU.Build.0 = Release|Any CPU
		{DAA1F127-14A8-44E0-99CF-34C10F6327F9}.Debug|Any CPU.ActiveCfg = Debug|Any CPU
		{DAA1F127-14A8-44E0-99CF-34C10F6327F9}.Debug|Any CPU.Build.0 = Debug|Any CPU
		{DAA1F127-14A8-44E0-99CF-34C10F6327F9}.Release|Any CPU.ActiveCfg = Release|Any CPU
		{DAA1F127-14A8-44E0-99CF-34C10F6327F9}.Release|Any CPU.Build.0 = Release|Any CPU
		{28335358-5312-4DC4-8D9F-BE500D8259A9}.Debug|Any CPU.ActiveCfg = Debug|Any CPU
		{28335358-5312-4DC4-8D9F-BE500D8259A9}.Debug|Any CPU.Build.0 = Debug|Any CPU
		{28335358-5312-4DC4-8D9F-BE500D8259A9}.Release|Any CPU.ActiveCfg = Release|Any CPU
		{28335358-5312-4DC4-8D9F-BE500D8259A9}.Release|Any CPU.Build.0 = Release|Any CPU
		{C669E0EA-164C-4DCF-94CD-4589764692A9}.Debug|Any CPU.ActiveCfg = Debug|Any CPU
		{C669E0EA-164C-4DCF-94CD-4589764692A9}.Debug|Any CPU.Build.0 = Debug|Any CPU
		{C669E0EA-164C-4DCF-94CD-4589764692A9}.Release|Any CPU.ActiveCfg = Release|Any CPU
		{C669E0EA-164C-4DCF-94CD-4589764692A9}.Release|Any CPU.Build.0 = Release|Any CPU
		{770B6AA6-64A8-462C-806E-E586B13B3C2D}.Debug|Any CPU.ActiveCfg = Debug|Any CPU
		{770B6AA6-64A8-462C-806E-E586B13B3C2D}.Debug|Any CPU.Build.0 = Debug|Any CPU
		{770B6AA6-64A8-462C-806E-E586B13B3C2D}.Release|Any CPU.ActiveCfg = Release|Any CPU
		{770B6AA6-64A8-462C-806E-E586B13B3C2D}.Release|Any CPU.Build.0 = Release|Any CPU
	EndGlobalSection
	GlobalSection(SolutionProperties) = preSolution
		HideSolutionNode = FALSE
	EndGlobalSection
	GlobalSection(NestedProjects) = preSolution
		{770B6AA6-64A8-462C-806E-E586B13B3C2D} = {EEC497D8-6A5A-441F-83D4-8900C5CF78BA}
	EndGlobalSection
	GlobalSection(ExtensibilityGlobals) = postSolution
		SolutionGuid = {BFC024BF-C4AB-43E1-9045-55FAE8A48577}
	EndGlobalSection
EndGlobal
